
Microsoft Visual Studio Solution File, Format Version 12.00
# Visual Studio Version 17
VisualStudioVersion = 17.13.35818.85 d17.13
MinimumVisualStudioVersion = 10.0.40219.1
Project("{FAE04EC0-301F-11D3-BF4B-00C04F79EFBC}") = "uso-de-transporte", "uso-de-transporte\uso-de-transporte.csproj", "{233B183C-C192-4FD8-BFC8-B8757E4245B0}"
EndProject
Project("{FAE04EC0-301F-11D3-BF4B-00C04F79EFBC}") = "Estacionamiento", "Estacionamiento\Estacionamiento.csproj", "{3AD051EA-02A9-4889-BD56-6C076298B4F6}"
EndProject
Project("{FAE04EC0-301F-11D3-BF4B-00C04F79EFBC}") = "Agencia-juego-interior", "Agencia-juego-interior\Agencia-juego-interior.csproj", "{BE9C9C5F-B198-4657-ACB9-EAFB4CCF820A}"
EndProject
Global
	GlobalSection(SolutionConfigurationPlatforms) = preSolution
		Debug|Any CPU = Debug|Any CPU
		Release|Any CPU = Release|Any CPU
	EndGlobalSection
	GlobalSection(ProjectConfigurationPlatforms) = postSolution
		{233B183C-C192-4FD8-BFC8-B8757E4245B0}.Debug|Any CPU.ActiveCfg = Debug|Any CPU
		{233B183C-C192-4FD8-BFC8-B8757E4245B0}.Debug|Any CPU.Build.0 = Debug|Any CPU
		{233B183C-C192-4FD8-BFC8-B8757E4245B0}.Release|Any CPU.ActiveCfg = Release|Any CPU
		{233B183C-C192-4FD8-BFC8-B8757E4245B0}.Release|Any CPU.Build.0 = Release|Any CPU
		{3AD051EA-02A9-4889-BD56-6C076298B4F6}.Debug|Any CPU.ActiveCfg = Debug|Any CPU
		{3AD051EA-02A9-4889-BD56-6C076298B4F6}.Debug|Any CPU.Build.0 = Debug|Any CPU
		{3AD051EA-02A9-4889-BD56-6C076298B4F6}.Release|Any CPU.ActiveCfg = Release|Any CPU
		{3AD051EA-02A9-4889-BD56-6C076298B4F6}.Release|Any CPU.Build.0 = Release|Any CPU
		{BE9C9C5F-B198-4657-ACB9-EAFB4CCF820A}.Debug|Any CPU.ActiveCfg = Debug|Any CPU
		{BE9C9C5F-B198-4657-ACB9-EAFB4CCF820A}.Debug|Any CPU.Build.0 = Debug|Any CPU
		{BE9C9C5F-B198-4657-ACB9-EAFB4CCF820A}.Release|Any CPU.ActiveCfg = Release|Any CPU
		{BE9C9C5F-B198-4657-ACB9-EAFB4CCF820A}.Release|Any CPU.Build.0 = Release|Any CPU
	EndGlobalSection
	GlobalSection(SolutionProperties) = preSolution
		HideSolutionNode = FALSE
	EndGlobalSection
	GlobalSection(ExtensibilityGlobals) = postSolution
		SolutionGuid = {A1FB529E-A5F2-4CEB-9F14-B301EC35FE15}
	EndGlobalSection
EndGlobal
